
Microsoft Visual Studio Solution File, Format Version 12.00
Project("{FAE04EC0-301F-11D3-BF4B-00C04F79EFBC}") = "UserService.Presentation", "UserService.Presentation\UserService.Presentation.csproj", "{13A32ED9-E4DB-447E-814F-EC88F3DD456C}"
EndProject
Project("{FAE04EC0-301F-11D3-BF4B-00C04F79EFBC}") = "UserService.Domain", "UserService.Domain\UserService.Domain.csproj", "{9A95C6A8-F220-406F-A897-B7711C07F632}"
EndProject
Project("{FAE04EC0-301F-11D3-BF4B-00C04F79EFBC}") = "UserService.Persistence", "UserService.Persistence\UserService.Persistence.csproj", "{6BF8BAC9-3F47-4F21-B981-0BA001F35D55}"
EndProject
Project("{FAE04EC0-301F-11D3-BF4B-00C04F79EFBC}") = "UserService.Application", "UserService.Application\UserService.Application.csproj", "{B3BE58D8-7614-40F0-9554-408D046A823C}"
EndProject
Project("{FAE04EC0-301F-11D3-BF4B-00C04F79EFBC}") = "UserService.Infrastructure", "UserService.Infrastructure\UserService.Infrastructure.csproj", "{A3BFF881-9D95-4F8C-9E1D-E68375FEF6BB}"
EndProject
Project("{FAE04EC0-301F-11D3-BF4B-00C04F79EFBC}") = "UserService.UnitTests", "UserService.UnitTests\UserService.UnitTests.csproj", "{FEA2316D-2951-403C-88A2-3B9B6EFBA969}"
EndProject
Global
	GlobalSection(SolutionConfigurationPlatforms) = preSolution
		Debug|Any CPU = Debug|Any CPU
		Release|Any CPU = Release|Any CPU
	EndGlobalSection
	GlobalSection(ProjectConfigurationPlatforms) = postSolution
		{13A32ED9-E4DB-447E-814F-EC88F3DD456C}.Debug|Any CPU.ActiveCfg = Debug|Any CPU
		{13A32ED9-E4DB-447E-814F-EC88F3DD456C}.Debug|Any CPU.Build.0 = Debug|Any CPU
		{13A32ED9-E4DB-447E-814F-EC88F3DD456C}.Release|Any CPU.ActiveCfg = Release|Any CPU
		{13A32ED9-E4DB-447E-814F-EC88F3DD456C}.Release|Any CPU.Build.0 = Release|Any CPU
		{9A95C6A8-F220-406F-A897-B7711C07F632}.Debug|Any CPU.ActiveCfg = Debug|Any CPU
		{9A95C6A8-F220-406F-A897-B7711C07F632}.Debug|Any CPU.Build.0 = Debug|Any CPU
		{9A95C6A8-F220-406F-A897-B7711C07F632}.Release|Any CPU.ActiveCfg = Release|Any CPU
		{9A95C6A8-F220-406F-A897-B7711C07F632}.Release|Any CPU.Build.0 = Release|Any CPU
		{6BF8BAC9-3F47-4F21-B981-0BA001F35D55}.Debug|Any CPU.ActiveCfg = Debug|Any CPU
		{6BF8BAC9-3F47-4F21-B981-0BA001F35D55}.Debug|Any CPU.Build.0 = Debug|Any CPU
		{6BF8BAC9-3F47-4F21-B981-0BA001F35D55}.Release|Any CPU.ActiveCfg = Release|Any CPU
		{6BF8BAC9-3F47-4F21-B981-0BA001F35D55}.Release|Any CPU.Build.0 = Release|Any CPU
		{B3BE58D8-7614-40F0-9554-408D046A823C}.Debug|Any CPU.ActiveCfg = Debug|Any CPU
		{B3BE58D8-7614-40F0-9554-408D046A823C}.Debug|Any CPU.Build.0 = Debug|Any CPU
		{B3BE58D8-7614-40F0-9554-408D046A823C}.Release|Any CPU.ActiveCfg = Release|Any CPU
		{B3BE58D8-7614-40F0-9554-408D046A823C}.Release|Any CPU.Build.0 = Release|Any CPU
		{A3BFF881-9D95-4F8C-9E1D-E68375FEF6BB}.Debug|Any CPU.ActiveCfg = Debug|Any CPU
		{A3BFF881-9D95-4F8C-9E1D-E68375FEF6BB}.Debug|Any CPU.Build.0 = Debug|Any CPU
		{A3BFF881-9D95-4F8C-9E1D-E68375FEF6BB}.Release|Any CPU.ActiveCfg = Release|Any CPU
		{A3BFF881-9D95-4F8C-9E1D-E68375FEF6BB}.Release|Any CPU.Build.0 = Release|Any CPU
		{FEA2316D-2951-403C-88A2-3B9B6EFBA969}.Debug|Any CPU.ActiveCfg = Debug|Any CPU
		{FEA2316D-2951-403C-88A2-3B9B6EFBA969}.Debug|Any CPU.Build.0 = Debug|Any CPU
		{FEA2316D-2951-403C-88A2-3B9B6EFBA969}.Release|Any CPU.ActiveCfg = Release|Any CPU
		{FEA2316D-2951-403C-88A2-3B9B6EFBA969}.Release|Any CPU.Build.0 = Release|Any CPU
	EndGlobalSection
EndGlobal
