
Microsoft Visual Studio Solution File, Format Version 12.00
Project("{FAE04EC0-301F-11D3-BF4B-00C04F79EFBC}") = "UserService.Presentation", "UserService.Presentation\UserService.Presentation.csproj", "{13A32ED9-E4DB-447E-814F-EC88F3DD456C}"
EndProject
Project("{FAE04EC0-301F-11D3-BF4B-00C04F79EFBC}") = "UserService.Domain", "UserService.Domain\UserService.Domain.csproj", "{9A95C6A8-F220-406F-A897-B7711C07F632}"
EndProject
Global
	GlobalSection(SolutionConfigurationPlatforms) = preSolution
		Debug|Any CPU = Debug|Any CPU
		Release|Any CPU = Release|Any CPU
	EndGlobalSection
	GlobalSection(ProjectConfigurationPlatforms) = postSolution
		{13A32ED9-E4DB-447E-814F-EC88F3DD456C}.Debug|Any CPU.ActiveCfg = Debug|Any CPU
		{13A32ED9-E4DB-447E-814F-EC88F3DD456C}.Debug|Any CPU.Build.0 = Debug|Any CPU
		{13A32ED9-E4DB-447E-814F-EC88F3DD456C}.Release|Any CPU.ActiveCfg = Release|Any CPU
		{13A32ED9-E4DB-447E-814F-EC88F3DD456C}.Release|Any CPU.Build.0 = Release|Any CPU
		{9A95C6A8-F220-406F-A897-B7711C07F632}.Debug|Any CPU.ActiveCfg = Debug|Any CPU
		{9A95C6A8-F220-406F-A897-B7711C07F632}.Debug|Any CPU.Build.0 = Debug|Any CPU
		{9A95C6A8-F220-406F-A897-B7711C07F632}.Release|Any CPU.ActiveCfg = Release|Any CPU
		{9A95C6A8-F220-406F-A897-B7711C07F632}.Release|Any CPU.Build.0 = Release|Any CPU
	EndGlobalSection
EndGlobal
